Microsoft Visual Studio Solution File, Format Version 12.00
# Visual Studio Version 17
VisualStudioVersion = 17.5.2.0
MinimumVisualStudioVersion = 10.0.40219.1
Project("{FAE04EC0-301F-11D3-BF4B-00C04F79EFBC}") = "Fuhrpark", "Fuhrpark\Fuhrpark.csproj", "{A8AFADF2-0C60-E0F2-EAE0-44E90627A5E1}"
EndProject
Global
	GlobalSection(SolutionConfigurationPlatforms) = preSolution
		Debug|Any CPU = Debug|Any CPU
		Release|Any CPU = Release|Any CPU
	EndGlobalSection
	GlobalSection(ProjectConfigurationPlatforms) = postSolution
		{A8AFADF2-0C60-E0F2-EAE0-44E90627A5E1}.Debug|Any CPU.ActiveCfg = Debug|Any CPU
		{A8AFADF2-0C60-E0F2-EAE0-44E90627A5E1}.Debug|Any CPU.Build.0 = Debug|Any CPU
		{A8AFADF2-0C60-E0F2-EAE0-44E90627A5E1}.Release|Any CPU.ActiveCfg = Release|Any CPU
		{A8AFADF2-0C60-E0F2-EAE0-44E90627A5E1}.Release|Any CPU.Build.0 = Release|Any CPU
	EndGlobalSection
	GlobalSection(SolutionProperties) = preSolution
		HideSolutionNode = FALSE
	EndGlobalSection
	GlobalSection(ExtensibilityGlobals) = postSolution
		SolutionGuid = {F5510B86-3ED1-47B9-983D-4EAC51267FED}
	EndGlobalSection
EndGlobal
